
Microsoft Visual Studio Solution File, Format Version 12.00
# Visual Studio Version 16
VisualStudioVersion = 16.0.31515.178
MinimumVisualStudioVersion = 10.0.40219.1
Project("{FAE04EC0-301F-11D3-BF4B-00C04F79EFBC}") = "StockMap", "StockMap.csproj", "{867DDCBE-938C-4936-A970-0F137EC46D9E}"
EndProject
Global
	GlobalSection(SolutionConfigurationPlatforms) = preSolution
		Debug|Any CPU = Debug|Any CPU
		Release|Any CPU = Release|Any CPU
	EndGlobalSection
	GlobalSection(ProjectConfigurationPlatforms) = postSolution
		{867DDCBE-938C-4936-A970-0F137EC46D9E}.Debug|Any CPU.ActiveCfg = Debug|Any CPU
		{867DDCBE-938C-4936-A970-0F137EC46D9E}.Debug|Any CPU.Build.0 = Debug|Any CPU
		{867DDCBE-938C-4936-A970-0F137EC46D9E}.Release|Any CPU.ActiveCfg = Release|Any CPU
		{867DDCBE-938C-4936-A970-0F137EC46D9E}.Release|Any CPU.Build.0 = Release|Any CPU
	EndGlobalSection
	GlobalSection(SolutionProperties) = preSolution
		HideSolutionNode = FALSE
	EndGlobalSection
	GlobalSection(ExtensibilityGlobals) = postSolution
		SolutionGuid = {D9254A29-A9D2-410A-857E-825628D6EAD5}
	EndGlobalSection
EndGlobal
